// !$*UTF8*$!
{
	archiveVersion = 1;
	classes = {
	};
	objectVersion = 46;
	objects = {

/* Begin PBXBuildFile section */
		D35ED2E11BADE8BB00B3C5F5 /* AppDelegate.swift in Sources */ = {isa = PBXBuildFile; fileRef = D35ED2E01BADE8BB00B3C5F5 /* AppDelegate.swift */; };
		D35ED2E31BADE8BB00B3C5F5 /* ViewController.swift in Sources */ = {isa = PBXBuildFile; fileRef = D35ED2E21BADE8BB00B3C5F5 /* ViewController.swift */; };
		D35ED2E61BADE8BB00B3C5F5 /* Main.storyboard in Resources */ = {isa = PBXBuildFile; fileRef = D35ED2E41BADE8BB00B3C5F5 /* Main.storyboard */; };
		D35ED2E81BADE8BB00B3C5F5 /* Assets.xcassets in Resources */ = {isa = PBXBuildFile; fileRef = D35ED2E71BADE8BB00B3C5F5 /* Assets.xcassets */; };
		D35ED2EB1BADE8BB00B3C5F5 /* LaunchScreen.storyboard in Resources */ = {isa = PBXBuildFile; fileRef = D35ED2E91BADE8BB00B3C5F5 /* LaunchScreen.storyboard */; };
/* End PBXBuildFile section */

/* Begin PBXFileReference section */
		D35ED2DD1BADE8BB00B3C5F5 /* SuperCool.app */ = {isa = PBXFileReference; explicitFileType = wrapper.application; includeInIndex = 0; path = SuperCool.app; sourceTree = BUILT_PRODUCTS_DIR; };
		D35ED2E01BADE8BB00B3C5F5 /* AppDelegate.swift */ = {isa = PBXFileReference; lastKnownFileType = sourcecode.swift; path = AppDelegate.swift; sourceTree = "<group>"; };
		D35ED2E21BADE8BB00B3C5F5 /* ViewController.swift */ = {isa = PBXFileReference; lastKnownFileType = sourcecode.swift; path = ViewController.swift; sourceTree = "<group>"; };
		D35ED2E51BADE8BB00B3C5F5 /* Base */ = {isa = PBXFileReference; lastKnownFileType = file.storyboard; name = Base; path = Base.lproj/Main.storyboard; sourceTree = "<group>"; };
		D35ED2E71BADE8BB00B3C5F5 /* Assets.xcassets */ = {isa = PBXFileReference; lastKnownFileType = folder.assetcatalog; path = Assets.xcassets; sourceTree = "<group>"; };
		D35ED2EA1BADE8BB00B3C5F5 /* Base */ = {isa = PBXFileReference; lastKnownFileType = file.storyboard; name = Base; path = Base.lproj/LaunchScreen.storyboard; sourceTree = "<group>"; };
		D35ED2EC1BADE8BB00B3C5F5 /* Info.plist */ = {isa = PBXFileReference; lastKnownFileType = text.plist.xml; path = Info.plist; sourceTree = "<group>"; };
/* End PBXFileReference section */

/* Begin PBXFrameworksBuildPhase section */
		D35ED2DA1BADE8BB00B3C5F5 /* Frameworks */ = {
			isa = PBXFrameworksBuildPhase;
			buildActionMask = 2147483647;
			files = (
			);
			runOnlyForDeploymentPostprocessing = 0;
		};
/* End PBXFrameworksBuildPhase section */

/* Begin PBXGroup section */
		D35ED2D41BADE8BB00B3C5F5 = {
			isa = PBXGroup;
			children = (
				D35ED2DF1BADE8BB00B3C5F5 /* SuperCool */,
				D35ED2DE1BADE8BB00B3C5F5 /* Products */,
			);
			sourceTree = "<group>";
		};
		D35ED2DE1BADE8BB00B3C5F5 /* Products */ = {
			isa = PBXGroup;
			children = (
				D35ED2DD1BADE8BB00B3C5F5 /* SuperCool.app */,
			);
			name = Products;
			sourceTree = "<group>";
		};
		D35ED2DF1BADE8BB00B3C5F5 /* SuperCool */ = {
			isa = PBXGroup;
			children = (
				D35ED2E01BADE8BB00B3C5F5 /* AppDelegate.swift */,
				D35ED2E21BADE8BB00B3C5F5 /* ViewController.swift */,
				D35ED2E41BADE8BB00B3C5F5 /* Main.storyboard */,
				D35ED2E71BADE8BB00B3C5F5 /* Assets.xcassets */,
				D35ED2E91BADE8BB00B3C5F5 /* LaunchScreen.storyboard */,
				D35ED2EC1BADE8BB00B3C5F5 /* Info.plist */,
			);
			path = SuperCool;
			sourceTree = "<group>";
		};
/* End PBXGroup section */

/* Begin PBXNativeTarget section */
		D35ED2DC1BADE8BB00B3C5F5 /* SuperCool */ = {
			isa = PBXNativeTarget;
			buildConfigurationList = D35ED2EF1BADE8BB00B3C5F5 /* Build configuration list for PBXNativeTarget "SuperCool" */;
			buildPhases = (
				D35ED2D91BADE8BB00B3C5F5 /* Sources */,
				D35ED2DA1BADE8BB00B3C5F5 /* Frameworks */,
				D35ED2DB1BADE8BB00B3C5F5 /* Resources */,
			);
			buildRules = (
			);
			dependencies = (
			);
			name = SuperCool;
			productName = SuperCool;
			productReference = D35ED2DD1BADE8BB00B3C5F5 /* SuperCool.app */;
			productType = "com.apple.product-type.application";
		};
/* End PBXNativeTarget section */

/* Begin PBXProject section */
		D35ED2D51BADE8BB00B3C5F5 /* Project object */ = {
			isa = PBXProject;
			attributes = {
				LastUpgradeCheck = 0700;
				ORGANIZATIONNAME = "FlashCube Photography";
				TargetAttributes = {
					D35ED2DC1BADE8BB00B3C5F5 = {
						CreatedOnToolsVersion = 7.0;
					};
				};
			};
			buildConfigurationList = D35ED2D81BADE8BB00B3C5F5 /* Build configuration list for PBXProject "SuperCool" */;
			compatibilityVersion = "Xcode 3.2";
			developmentRegion = English;
			hasScannedForEncodings = 0;
			knownRegions = (
				en,
				Base,
			);
			mainGroup = D35ED2D41BADE8BB00B3C5F5;
			productRefGroup = D35ED2DE1BADE8BB00B3C5F5 /* Products */;
			projectDirPath = "";
			projectRoot = "";
			targets = (
				D35ED2DC1BADE8BB00B3C5F5 /* SuperCool */,
			);
		};
/* End PBXProject section */

/* Begin PBXResourcesBuildPhase section */
		D35ED2DB1BADE8BB00B3C5F5 /* Resources */ = {
			isa = PBXResourcesBuildPhase;
			buildActionMask = 2147483647;
			files = (
				D35ED2EB1BADE8BB00B3C5F5 /* LaunchScreen.storyboard in Resources */,
				D35ED2E81BADE8BB00B3C5F5 /* Assets.xcassets in Resources */,
				D35ED2E61BADE8BB00B3C5F5 /* Main.storyboard in Resources */,
			);
			runOnlyForDeploymentPostprocessing = 0;
		};
/* End PBXResourcesBuildPhase section */

/* Begin PBXSourcesBuildPhase section */
		D35ED2D91BADE8BB00B3C5F5 /* Sources */ = {
			isa = PBXSourcesBuildPhase;
			buildActionMask = 2147483647;
			files = (
				D35ED2E31BADE8BB00B3C5F5 /* ViewController.swift in Sources */,
				D35ED2E11BADE8BB00B3C5F5 /* AppDelegate.swift in Sources */,
			);
			runOnlyForDeploymentPostprocessing = 0;
		};
/* End PBXSourcesBuildPhase section */

/* Begin PBXVariantGroup section */
		D35ED2E41BADE8BB00B3C5F5 /* Main.storyboard */ = {
			isa = PBXVariantGroup;
			children = (
				D35ED2E51BADE8BB00B3C5F5 /* Base */,
			);
			name = Main.storyboard;
			sourceTree = "<group>";
		};
		D35ED2E91BADE8BB00B3C5F5 /* LaunchScreen.storyboard */ = {
			isa = PBXVariantGroup;
			children = (
				D35ED2EA1BADE8BB00B3C5F5 /* Base */,
			);
			name = LaunchScreen.storyboard;
			sourceTree = "<group>";
		};
/* End PBXVariantGroup section */

/* Begin XCBuildConfiguration section */
		D35ED2ED1BADE8BB00B3C5F5 /* Debug */ = {
			isa = XCBuildConfiguration;
			buildSettings = {
				ALWAYS_SEARCH_USER_PATHS = NO;
				CLANG_CXX_LANGUAGE_STANDARD = "gnu++0x";
				CLANG_CXX_LIBRARY = "libc++";
				CLANG_ENABLE_MODULES = YES;
				CLANG_ENABLE_OBJC_ARC = YES;
				CLANG_WARN_BOOL_CONVERSION = YES;
				CLANG_WARN_CONSTANT_CONVERSION = YES;
				CLANG_WARN_DIRECT_OBJC_ISA_USAGE = YES_ERROR;
				CLANG_WARN_EMPTY_BODY = YES;
				CLANG_WARN_ENUM_CONVERSION = YES;
				CLANG_WARN_INT_CONVERSION = YES;
				CLANG_WARN_OBJC_ROOT_CLASS = YES_ERROR;
				CLANG_WARN_UNREACHABLE_CODE = YES;
				CLANG_WARN__DUPLICATE_METHOD_MATCH = YES;
				"CODE_SIGN_IDENTITY[sdk=iphoneos*]" = "iPhone Developer";
				COPY_PHASE_STRIP = NO;
				DEBUG_INFORMATION_FORMAT = dwarf;
				ENABLE_STRICT_OBJC_MSGSEND = YES;
				ENABLE_TESTABILITY = YES;
				GCC_C_LANGUAGE_STANDARD = gnu99;
				GCC_DYNAMIC_NO_PIC = NO;
				GCC_NO_COMMON_BLOCKS = YES;
				GCC_OPTIMIZATION_LEVEL = 0;
				GCC_PREPROCESSOR_DEFINITIONS = (
					"DEBUG=1",
					"$(inherited)",
				);
				GCC_WARN_64_TO_32_BIT_CONVERSION = YES;
				GCC_WARN_ABOUT_RETURN_TYPE = YES_ERROR;
				GCC_WARN_UNDECLARED_SELECTOR = YES;
				GCC_WARN_UNINITIALIZED_AUTOS = YES_AGGRESSIVE;
				GCC_WARN_UNUSED_FUNCTION = YES;
				GCC_WARN_UNUSED_VARIABLE = YES;
				IPHONEOS_DEPLOYMENT_TARGET = 9.0;
				MTL_ENABLE_DEBUG_INFO = YES;
				ONLY_ACTIVE_ARCH = YES;
				SDKROOT = iphoneos;
				SWIFT_OPTIMIZATION_LEVEL = "-Onone";
			};
			name = Debug;
		};
		D35ED2EE1BADE8BB00B3C5F5 /* Release */ = {
			isa = XCBuildConfiguration;
			buildSettings = {
				ALWAYS_SEARCH_USER_PATHS = NO;
				CLANG_CXX_LANGUAGE_STANDARD = "gnu++0x";
				CLANG_CXX_LIBRARY = "libc++";
				CLANG_ENABLE_MODULES = YES;
				CLANG_ENABLE_OBJC_ARC = YES;
				CLANG_WARN_BOOL_CONVERSION = YES;
				CLANG_WARN_CONSTANT_CONVERSION = YES;
				CLANG_WARN_DIRECT_OBJC_ISA_USAGE = YES_ERROR;
				CLANG_WARN_EMPTY_BODY = YES;
				CLANG_WARN_ENUM_CONVERSION = YES;
				CLANG_WARN_INT_CONVERSION = YES;
				CLANG_WARN_OBJC_ROOT_CLASS = YES_ERROR;
				CLANG_WARN_UNREACHABLE_CODE = YES;
				CLANG_WARN__DUPLICATE_METHOD_MATCH = YES;
				"CODE_SIGN_IDENTITY[sdk=iphoneos*]" = "iPhone Developer";
				COPY_PHASE_STRIP = NO;
				DEBUG_INFORMATION_FORMAT = "dwarf-with-dsym";
				ENABLE_NS_ASSERTIONS = NO;
				ENABLE_STRICT_OBJC_MSGSEND = YES;
				GCC_C_LANGUAGE_STANDARD = gnu99;
				GCC_NO_COMMON_BLOCKS = YES;
				GCC_WARN_64_TO_32_BIT_CONVERSION = YES;
				GCC_WARN_ABOUT_RETURN_TYPE = YES_ERROR;
				GCC_WARN_UNDECLARED_SELECTOR = YES;
				GCC_WARN_UNINITIALIZED_AUTOS = YES_AGGRESSIVE;
				GCC_WARN_UNUSED_FUNCTION = YES;
				GCC_WARN_UNUSED_VARIABLE = YES;
				IPHONEOS_DEPLOYMENT_TARGET = 9.0;
				MTL_ENABLE_DEBUG_INFO = NO;
				SDKROOT = iphoneos;
				VALIDATE_PRODUCT = YES;
			};
			name = Release;
		};
		D35ED2F01BADE8BB00B3C5F5 /* Debug */ = {
			isa = XCBuildConfiguration;
			buildSettings = {
				ASSETCATALOG_COMPILER_APPICON_NAME = AppIcon;
				INFOPLIST_FILE = SuperCool/Info.plist;
				LD_RUNPATH_SEARCH_PATHS = "$(inherited) @executable_path/Frameworks";
				PRODUCT_BUNDLE_IDENTIFIER = com.flashcubephotography.SuperCool;
				PRODUCT_NAME = "$(TARGET_NAME)";
			};
			name = Debug;
		};
		D35ED2F11BADE8BB00B3C5F5 /* Release */ = {
			isa = XCBuildConfiguration;
			buildSettings = {
				ASSETCATALOG_COMPILER_APPICON_NAME = AppIcon;
				INFOPLIST_FILE = SuperCool/Info.plist;
				LD_RUNPATH_SEARCH_PATHS = "$(inherited) @executable_path/Frameworks";
				PRODUCT_BUNDLE_IDENTIFIER = com.flashcubephotography.SuperCool;
				PRODUCT_NAME = "$(TARGET_NAME)";
			};
			name = Release;
		};
/* End XCBuildConfiguration section */

/* Begin XCConfigurationList section */
		D35ED2D81BADE8BB00B3C5F5 /* Build configuration list for PBXProject "SuperCool" */ = {
			isa = XCConfigurationList;
			buildConfigurations = (
				D35ED2ED1BADE8BB00B3C5F5 /* Debug */,
				D35ED2EE1BADE8BB00B3C5F5 /* Release */,
			);
			defaultConfigurationIsVisible = 0;
			defaultConfigurationName = Release;
		};
		D35ED2EF1BADE8BB00B3C5F5 /* Build configuration list for PBXNativeTarget "SuperCool" */ = {
			isa = XCConfigurationList;
			buildConfigurations = (
				D35ED2F01BADE8BB00B3C5F5 /* Debug */,
				D35ED2F11BADE8BB00B3C5F5 /* Release */,
			);
			defaultConfigurationIsVisible = 0;
		};
/* End XCConfigurationList section */
	};
	rootObject = D35ED2D51BADE8BB00B3C5F5 /* Project object */;
}
